
Microsoft Visual Studio Solution File, Format Version 12.00
# Visual Studio 15
Project("{FAE04EC0-301F-11D3-BF4B-00C04F79EFBC}") = "Assembly-CSharp", "Assembly-CSharp.csproj", "{50E28A7D-0AD3-0860-F147-4DE43737DDF7}"
EndProject
Project("{FAE04EC0-301F-11D3-BF4B-00C04F79EFBC}") = "Assembly-CSharp-Editor", "Assembly-CSharp-Editor.csproj", "{28634668-DD0C-3959-4687-26E9B17F90F3}"
EndProject
Global
	GlobalSection(SolutionConfigurationPlatforms) = preSolution
		Debug|Any CPU = Debug|Any CPU
		Release|Any CPU = Release|Any CPU
	EndGlobalSection
	GlobalSection(ProjectConfigurationPlatforms) = postSolution
		{50E28A7D-0AD3-0860-F147-4DE43737DDF7}.Debug|Any CPU.ActiveCfg = Debug|Any CPU
		{50E28A7D-0AD3-0860-F147-4DE43737DDF7}.Debug|Any CPU.Build.0 = Debug|Any CPU
		{50E28A7D-0AD3-0860-F147-4DE43737DDF7}.Release|Any CPU.ActiveCfg = Release|Any CPU
		{50E28A7D-0AD3-0860-F147-4DE43737DDF7}.Release|Any CPU.Build.0 = Release|Any CPU
		{28634668-DD0C-3959-4687-26E9B17F90F3}.Debug|Any CPU.ActiveCfg = Debug|Any CPU
		{28634668-DD0C-3959-4687-26E9B17F90F3}.Debug|Any CPU.Build.0 = Debug|Any CPU
		{28634668-DD0C-3959-4687-26E9B17F90F3}.Release|Any CPU.ActiveCfg = Release|Any CPU
		{28634668-DD0C-3959-4687-26E9B17F90F3}.Release|Any CPU.Build.0 = Release|Any CPU
	EndGlobalSection
	GlobalSection(SolutionProperties) = preSolution
		HideSolutionNode = FALSE
	EndGlobalSection
	GlobalSection(MonoDevelopProperties) = preSolution
		StartupItem = Assembly-CSharp.csproj
	EndGlobalSection
EndGlobal
